// !$*UTF8*$!
{
	archiveVersion = 1;
	classes = {
	};
	objectVersion = 46;
	objects = {

/* Begin PBXBuildFile section */
		A1C5929C1CF605E2000DB4C2 /* AppDelegate.swift in Sources */ = {isa = PBXBuildFile; fileRef = A1C5929B1CF605E2000DB4C2 /* AppDelegate.swift */; };
		A1C5929E1CF605E2000DB4C2 /* ViewController.swift in Sources */ = {isa = PBXBuildFile; fileRef = A1C5929D1CF605E2000DB4C2 /* ViewController.swift */; };
		A1C592A11CF605E2000DB4C2 /* Main.storyboard in Resources */ = {isa = PBXBuildFile; fileRef = A1C5929F1CF605E2000DB4C2 /* Main.storyboard */; };
		A1C592A31CF605E2000DB4C2 /* Assets.xcassets in Resources */ = {isa = PBXBuildFile; fileRef = A1C592A21CF605E2000DB4C2 /* Assets.xcassets */; };
		A1C592A61CF605E2000DB4C2 /* LaunchScreen.storyboard in Resources */ = {isa = PBXBuildFile; fileRef = A1C592A41CF605E2000DB4C2 /* LaunchScreen.storyboard */; };
/* End PBXBuildFile section */

/* Begin PBXFileReference section */
		A1C592981CF605E2000DB4C2 /* GPSMap.app */ = {isa = PBXFileReference; explicitFileType = wrapper.application; includeInIndex = 0; path = GPSMap.app; sourceTree = BUILT_PRODUCTS_DIR; };
		A1C5929B1CF605E2000DB4C2 /* AppDelegate.swift */ = {isa = PBXFileReference; lastKnownFileType = sourcecode.swift; path = AppDelegate.swift; sourceTree = "<group>"; };
		A1C5929D1CF605E2000DB4C2 /* ViewController.swift */ = {isa = PBXFileReference; lastKnownFileType = sourcecode.swift; path = ViewController.swift; sourceTree = "<group>"; };
		A1C592A01CF605E2000DB4C2 /* Base */ = {isa = PBXFileReference; lastKnownFileType = file.storyboard; name = Base; path = Base.lproj/Main.storyboard; sourceTree = "<group>"; };
		A1C592A21CF605E2000DB4C2 /* Assets.xcassets */ = {isa = PBXFileReference; lastKnownFileType = folder.assetcatalog; path = Assets.xcassets; sourceTree = "<group>"; };
		A1C592A51CF605E2000DB4C2 /* Base */ = {isa = PBXFileReference; lastKnownFileType = file.storyboard; name = Base; path = Base.lproj/LaunchScreen.storyboard; sourceTree = "<group>"; };
		A1C592A71CF605E2000DB4C2 /* Info.plist */ = {isa = PBXFileReference; lastKnownFileType = text.plist.xml; path = Info.plist; sourceTree = "<group>"; };
/* End PBXFileReference section */

/* Begin PBXFrameworksBuildPhase section */
		A1C592951CF605E2000DB4C2 /* Frameworks */ = {
			isa = PBXFrameworksBuildPhase;
			buildActionMask = 2147483647;
			files = (
			);
			runOnlyForDeploymentPostprocessing = 0;
		};
/* End PBXFrameworksBuildPhase section */

/* Begin PBXGroup section */
		A1C5928F1CF605E2000DB4C2 = {
			isa = PBXGroup;
			children = (
				A1C5929A1CF605E2000DB4C2 /* GPSMap */,
				A1C592991CF605E2000DB4C2 /* Products */,
			);
			sourceTree = "<group>";
		};
		A1C592991CF605E2000DB4C2 /* Products */ = {
			isa = PBXGroup;
			children = (
				A1C592981CF605E2000DB4C2 /* GPSMap.app */,
			);
			name = Products;
			sourceTree = "<group>";
		};
		A1C5929A1CF605E2000DB4C2 /* GPSMap */ = {
			isa = PBXGroup;
			children = (
				A1C5929B1CF605E2000DB4C2 /* AppDelegate.swift */,
				A1C5929D1CF605E2000DB4C2 /* ViewController.swift */,
				A1C5929F1CF605E2000DB4C2 /* Main.storyboard */,
				A1C592A21CF605E2000DB4C2 /* Assets.xcassets */,
				A1C592A41CF605E2000DB4C2 /* LaunchScreen.storyboard */,
				A1C592A71CF605E2000DB4C2 /* Info.plist */,
			);
			path = GPSMap;
			sourceTree = "<group>";
		};
/* End PBXGroup section */

/* Begin PBXNativeTarget section */
		A1C592971CF605E2000DB4C2 /* GPSMap */ = {
			isa = PBXNativeTarget;
			buildConfigurationList = A1C592AA1CF605E2000DB4C2 /* Build configuration list for PBXNativeTarget "GPSMap" */;
			buildPhases = (
				A1C592941CF605E2000DB4C2 /* Sources */,
				A1C592951CF605E2000DB4C2 /* Frameworks */,
				A1C592961CF605E2000DB4C2 /* Resources */,
			);
			buildRules = (
			);
			dependencies = (
			);
			name = GPSMap;
			productName = GPSMap;
			productReference = A1C592981CF605E2000DB4C2 /* GPSMap.app */;
			productType = "com.apple.product-type.application";
		};
/* End PBXNativeTarget section */

/* Begin PBXProject section */
		A1C592901CF605E2000DB4C2 /* Project object */ = {
			isa = PBXProject;
			attributes = {
				LastSwiftUpdateCheck = 0730;
				LastUpgradeCheck = 0730;
				ORGANIZATIONNAME = kpugame;
				TargetAttributes = {
					A1C592971CF605E2000DB4C2 = {
						CreatedOnToolsVersion = 7.3;
					};
				};
			};
			buildConfigurationList = A1C592931CF605E2000DB4C2 /* Build configuration list for PBXProject "GPSMap" */;
			compatibilityVersion = "Xcode 3.2";
			developmentRegion = English;
			hasScannedForEncodings = 0;
			knownRegions = (
				en,
				Base,
			);
			mainGroup = A1C5928F1CF605E2000DB4C2;
			productRefGroup = A1C592991CF605E2000DB4C2 /* Products */;
			projectDirPath = "";
			projectRoot = "";
			targets = (
				A1C592971CF605E2000DB4C2 /* GPSMap */,
			);
		};
/* End PBXProject section */

/* Begin PBXResourcesBuildPhase section */
		A1C592961CF605E2000DB4C2 /* Resources */ = {
			isa = PBXResourcesBuildPhase;
			buildActionMask = 2147483647;
			files = (
				A1C592A61CF605E2000DB4C2 /* LaunchScreen.storyboard in Resources */,
				A1C592A31CF605E2000DB4C2 /* Assets.xcassets in Resources */,
				A1C592A11CF605E2000DB4C2 /* Main.storyboard in Resources */,
			);
			runOnlyForDeploymentPostprocessing = 0;
		};
/* End PBXResourcesBuildPhase section */

/* Begin PBXSourcesBuildPhase section */
		A1C592941CF605E2000DB4C2 /* Sources */ = {
			isa = PBXSourcesBuildPhase;
			buildActionMask = 2147483647;
			files = (
				A1C5929E1CF605E2000DB4C2 /* ViewController.swift in Sources */,
				A1C5929C1CF605E2000DB4C2 /* AppDelegate.swift in Sources */,
			);
			runOnlyForDeploymentPostprocessing = 0;
		};
/* End PBXSourcesBuildPhase section */

/* Begin PBXVariantGroup section */
		A1C5929F1CF605E2000DB4C2 /* Main.storyboard */ = {
			isa = PBXVariantGroup;
			children = (
				A1C592A01CF605E2000DB4C2 /* Base */,
			);
			name = Main.storyboard;
			sourceTree = "<group>";
		};
		A1C592A41CF605E2000DB4C2 /* LaunchScreen.storyboard */ = {
			isa = PBXVariantGroup;
			children = (
				A1C592A51CF605E2000DB4C2 /* Base */,
			);
			name = LaunchScreen.storyboard;
			sourceTree = "<group>";
		};
/* End PBXVariantGroup section */

/* Begin XCBuildConfiguration section */
		A1C592A81CF605E2000DB4C2 /* Debug */ = {
			isa = XCBuildConfiguration;
			buildSettings = {
				ALWAYS_SEARCH_USER_PATHS = NO;
				CLANG_ANALYZER_NONNULL = YES;
				CLANG_CXX_LANGUAGE_STANDARD = "gnu++0x";
				CLANG_CXX_LIBRARY = "libc++";
				CLANG_ENABLE_MODULES = YES;
				CLANG_ENABLE_OBJC_ARC = YES;
				CLANG_WARN_BOOL_CONVERSION = YES;
				CLANG_WARN_CONSTANT_CONVERSION = YES;
				CLANG_WARN_DIRECT_OBJC_ISA_USAGE = YES_ERROR;
				CLANG_WARN_EMPTY_BODY = YES;
				CLANG_WARN_ENUM_CONVERSION = YES;
				CLANG_WARN_INT_CONVERSION = YES;
				CLANG_WARN_OBJC_ROOT_CLASS = YES_ERROR;
				CLANG_WARN_UNREACHABLE_CODE = YES;
				CLANG_WARN__DUPLICATE_METHOD_MATCH = YES;
				"CODE_SIGN_IDENTITY[sdk=iphoneos*]" = "iPhone Developer";
				COPY_PHASE_STRIP = NO;
				DEBUG_INFORMATION_FORMAT = dwarf;
				ENABLE_STRICT_OBJC_MSGSEND = YES;
				ENABLE_TESTABILITY = YES;
				GCC_C_LANGUAGE_STANDARD = gnu99;
				GCC_DYNAMIC_NO_PIC = NO;
				GCC_NO_COMMON_BLOCKS = YES;
				GCC_OPTIMIZATION_LEVEL = 0;
				GCC_PREPROCESSOR_DEFINITIONS = (
					"DEBUG=1",
					"$(inherited)",
				);
				GCC_WARN_64_TO_32_BIT_CONVERSION = YES;
				GCC_WARN_ABOUT_RETURN_TYPE = YES_ERROR;
				GCC_WARN_UNDECLARED_SELECTOR = YES;
				GCC_WARN_UNINITIALIZED_AUTOS = YES_AGGRESSIVE;
				GCC_WARN_UNUSED_FUNCTION = YES;
				GCC_WARN_UNUSED_VARIABLE = YES;
				IPHONEOS_DEPLOYMENT_TARGET = 9.3;
				MTL_ENABLE_DEBUG_INFO = YES;
				ONLY_ACTIVE_ARCH = YES;
				SDKROOT = iphoneos;
				SWIFT_OPTIMIZATION_LEVEL = "-Onone";
				TARGETED_DEVICE_FAMILY = "1,2";
			};
			name = Debug;
		};
		A1C592A91CF605E2000DB4C2 /* Release */ = {
			isa = XCBuildConfiguration;
			buildSettings = {
				ALWAYS_SEARCH_USER_PATHS = NO;
				CLANG_ANALYZER_NONNULL = YES;
				CLANG_CXX_LANGUAGE_STANDARD = "gnu++0x";
				CLANG_CXX_LIBRARY = "libc++";
				CLANG_ENABLE_MODULES = YES;
				CLANG_ENABLE_OBJC_ARC = YES;
				CLANG_WARN_BOOL_CONVERSION = YES;
				CLANG_WARN_CONSTANT_CONVERSION = YES;
				CLANG_WARN_DIRECT_OBJC_ISA_USAGE = YES_ERROR;
				CLANG_WARN_EMPTY_BODY = YES;
				CLANG_WARN_ENUM_CONVERSION = YES;
				CLANG_WARN_INT_CONVERSION = YES;
				CLANG_WARN_OBJC_ROOT_CLASS = YES_ERROR;
				CLANG_WARN_UNREACHABLE_CODE = YES;
				CLANG_WARN__DUPLICATE_METHOD_MATCH = YES;
				"CODE_SIGN_IDENTITY[sdk=iphoneos*]" = "iPhone Developer";
				COPY_PHASE_STRIP = NO;
				DEBUG_INFORMATION_FORMAT = "dwarf-with-dsym";
				ENABLE_NS_ASSERTIONS = NO;
				ENABLE_STRICT_OBJC_MSGSEND = YES;
				GCC_C_LANGUAGE_STANDARD = gnu99;
				GCC_NO_COMMON_BLOCKS = YES;
				GCC_WARN_64_TO_32_BIT_CONVERSION = YES;
				GCC_WARN_ABOUT_RETURN_TYPE = YES_ERROR;
				GCC_WARN_UNDECLARED_SELECTOR = YES;
				GCC_WARN_UNINITIALIZED_AUTOS = YES_AGGRESSIVE;
				GCC_WARN_UNUSED_FUNCTION = YES;
				GCC_WARN_UNUSED_VARIABLE = YES;
				IPHONEOS_DEPLOYMENT_TARGET = 9.3;
				MTL_ENABLE_DEBUG_INFO = NO;
				SDKROOT = iphoneos;
				TARGETED_DEVICE_FAMILY = "1,2";
				VALIDATE_PRODUCT = YES;
			};
			name = Release;
		};
		A1C592AB1CF605E2000DB4C2 /* Debug */ = {
			isa = XCBuildConfiguration;
			buildSettings = {
				ASSETCATALOG_COMPILER_APPICON_NAME = AppIcon;
				INFOPLIST_FILE = GPSMap/Info.plist;
				LD_RUNPATH_SEARCH_PATHS = "$(inherited) @executable_path/Frameworks";
				PRODUCT_BUNDLE_IDENTIFIER = kpu.2016class..WhatWheather;
				PRODUCT_NAME = "$(TARGET_NAME)";
			};
			name = Debug;
		};
		A1C592AC1CF605E2000DB4C2 /* Release */ = {
			isa = XCBuildConfiguration;
			buildSettings = {
				ASSETCATALOG_COMPILER_APPICON_NAME = AppIcon;
				INFOPLIST_FILE = GPSMap/Info.plist;
				LD_RUNPATH_SEARCH_PATHS = "$(inherited) @executable_path/Frameworks";
				PRODUCT_BUNDLE_IDENTIFIER = kpu.2016class..WhatWheather;
				PRODUCT_NAME = "$(TARGET_NAME)";
			};
			name = Release;
		};
/* End XCBuildConfiguration section */

/* Begin XCConfigurationList section */
		A1C592931CF605E2000DB4C2 /* Build configuration list for PBXProject "GPSMap" */ = {
			isa = XCConfigurationList;
			buildConfigurations = (
				A1C592A81CF605E2000DB4C2 /* Debug */,
				A1C592A91CF605E2000DB4C2 /* Release */,
			);
			defaultConfigurationIsVisible = 0;
			defaultConfigurationName = Release;
		};
		A1C592AA1CF605E2000DB4C2 /* Build configuration list for PBXNativeTarget "GPSMap" */ = {
			isa = XCConfigurationList;
			buildConfigurations = (
				A1C592AB1CF605E2000DB4C2 /* Debug */,
				A1C592AC1CF605E2000DB4C2 /* Release */,
			);
			defaultConfigurationIsVisible = 0;
			defaultConfigurationName = Release;
		};
/* End XCConfigurationList section */
	};
	rootObject = A1C592901CF605E2000DB4C2 /* Project object */;
}
